
Microsoft Visual Studio Solution File, Format Version 12.00
# Visual Studio Version 17
VisualStudioVersion = 17.0.31912.275
MinimumVisualStudioVersion = 10.0.40219.1
Project("{FAE04EC0-301F-11D3-BF4B-00C04F79EFBC}") = "gyak7_WEYEWU_", "gyak7_WEYEWU_.csproj", "{48C8E526-8825-4264-A3BE-5EC0D1AC0766}"
EndProject
Global
	GlobalSection(SolutionConfigurationPlatforms) = preSolution
		Debug|Any CPU = Debug|Any CPU
		Release|Any CPU = Release|Any CPU
	EndGlobalSection
	GlobalSection(ProjectConfigurationPlatforms) = postSolution
		{48C8E526-8825-4264-A3BE-5EC0D1AC0766}.Debug|Any CPU.ActiveCfg = Debug|Any CPU
		{48C8E526-8825-4264-A3BE-5EC0D1AC0766}.Debug|Any CPU.Build.0 = Debug|Any CPU
		{48C8E526-8825-4264-A3BE-5EC0D1AC0766}.Release|Any CPU.ActiveCfg = Release|Any CPU
		{48C8E526-8825-4264-A3BE-5EC0D1AC0766}.Release|Any CPU.Build.0 = Release|Any CPU
	EndGlobalSection
	GlobalSection(SolutionProperties) = preSolution
		HideSolutionNode = FALSE
	EndGlobalSection
	GlobalSection(ExtensibilityGlobals) = postSolution
		SolutionGuid = {C6A6AC3A-1425-4D3F-B4C6-ABC7939C83AD}
	EndGlobalSection
EndGlobal
