
Microsoft Visual Studio Solution File, Format Version 12.00
# Visual Studio Version 17
VisualStudioVersion = 17.0.31912.275
MinimumVisualStudioVersion = 10.0.40219.1
Project("{FAE04EC0-301F-11D3-BF4B-00C04F79EFBC}") = "gyak5_2_WEYEWU", "gyak5_2_WEYEWU\gyak5_2_WEYEWU.csproj", "{144C0D05-E97B-4D85-B827-4F7CB9907C33}"
EndProject
Global
	GlobalSection(SolutionConfigurationPlatforms) = preSolution
		Debug|Any CPU = Debug|Any CPU
		Release|Any CPU = Release|Any CPU
	EndGlobalSection
	GlobalSection(ProjectConfigurationPlatforms) = postSolution
		{144C0D05-E97B-4D85-B827-4F7CB9907C33}.Debug|Any CPU.ActiveCfg = Debug|Any CPU
		{144C0D05-E97B-4D85-B827-4F7CB9907C33}.Debug|Any CPU.Build.0 = Debug|Any CPU
		{144C0D05-E97B-4D85-B827-4F7CB9907C33}.Release|Any CPU.ActiveCfg = Release|Any CPU
		{144C0D05-E97B-4D85-B827-4F7CB9907C33}.Release|Any CPU.Build.0 = Release|Any CPU
	EndGlobalSection
	GlobalSection(SolutionProperties) = preSolution
		HideSolutionNode = FALSE
	EndGlobalSection
	GlobalSection(ExtensibilityGlobals) = postSolution
		SolutionGuid = {4C63235C-E407-4DB5-864D-03DD44E9B44B}
	EndGlobalSection
EndGlobal
