
Microsoft Visual Studio Solution File, Format Version 12.00
# Visual Studio Version 17
VisualStudioVersion = 17.0.31912.275
MinimumVisualStudioVersion = 10.0.40219.1
Project("{FAE04EC0-301F-11D3-BF4B-00C04F79EFBC}") = "UserMaintenance", "UserMaintenance\UserMaintenance.csproj", "{9CD9D059-9F82-463E-B497-2082C2D3CB73}"
EndProject
Global
	GlobalSection(SolutionConfigurationPlatforms) = preSolution
		Debug|Any CPU = Debug|Any CPU
		Release|Any CPU = Release|Any CPU
	EndGlobalSection
	GlobalSection(ProjectConfigurationPlatforms) = postSolution
		{9CD9D059-9F82-463E-B497-2082C2D3CB73}.Debug|Any CPU.ActiveCfg = Debug|Any CPU
		{9CD9D059-9F82-463E-B497-2082C2D3CB73}.Debug|Any CPU.Build.0 = Debug|Any CPU
		{9CD9D059-9F82-463E-B497-2082C2D3CB73}.Release|Any CPU.ActiveCfg = Release|Any CPU
		{9CD9D059-9F82-463E-B497-2082C2D3CB73}.Release|Any CPU.Build.0 = Release|Any CPU
	EndGlobalSection
	GlobalSection(SolutionProperties) = preSolution
		HideSolutionNode = FALSE
	EndGlobalSection
	GlobalSection(ExtensibilityGlobals) = postSolution
		SolutionGuid = {73E6D844-D330-4BD2-B328-160647869B66}
	EndGlobalSection
EndGlobal
